
Microsoft Visual Studio Solution File, Format Version 12.00
# Visual Studio Version 16
VisualStudioVersion = 16.0.30503.244
MinimumVisualStudioVersion = 10.0.40219.1
Project("{9A19103F-16F7-4668-BE54-9A1E7A4F7556}") = "DelegatesAndEvents1", "DelegatesAndEvents1\DelegatesAndEvents1.csproj", "{7F7601C2-CBE6-44E7-9F53-307198D62E9F}"
EndProject
Project("{9A19103F-16F7-4668-BE54-9A1E7A4F7556}") = "CommBetweenComponents", "CommBetweenComponents\CommBetweenComponents.csproj", "{4BA42118-2FE1-462C-BFE0-D65EC843540E}"
EndProject
Project("{FAE04EC0-301F-11D3-BF4B-00C04F79EFBC}") = "ThreadsAndDelegate", "ThreadsAndDelgeate\ThreadsAndDelegate.csproj", "{7ECCD704-E11F-4B92-8409-C6410FC648A5}"
EndProject
Global
	GlobalSection(SolutionConfigurationPlatforms) = preSolution
		Debug|Any CPU = Debug|Any CPU
		Release|Any CPU = Release|Any CPU
	EndGlobalSection
	GlobalSection(ProjectConfigurationPlatforms) = postSolution
		{7F7601C2-CBE6-44E7-9F53-307198D62E9F}.Debug|Any CPU.ActiveCfg = Debug|Any CPU
		{7F7601C2-CBE6-44E7-9F53-307198D62E9F}.Debug|Any CPU.Build.0 = Debug|Any CPU
		{7F7601C2-CBE6-44E7-9F53-307198D62E9F}.Release|Any CPU.ActiveCfg = Release|Any CPU
		{7F7601C2-CBE6-44E7-9F53-307198D62E9F}.Release|Any CPU.Build.0 = Release|Any CPU
		{4BA42118-2FE1-462C-BFE0-D65EC843540E}.Debug|Any CPU.ActiveCfg = Debug|Any CPU
		{4BA42118-2FE1-462C-BFE0-D65EC843540E}.Debug|Any CPU.Build.0 = Debug|Any CPU
		{4BA42118-2FE1-462C-BFE0-D65EC843540E}.Release|Any CPU.ActiveCfg = Release|Any CPU
		{4BA42118-2FE1-462C-BFE0-D65EC843540E}.Release|Any CPU.Build.0 = Release|Any CPU
		{7ECCD704-E11F-4B92-8409-C6410FC648A5}.Debug|Any CPU.ActiveCfg = Debug|Any CPU
		{7ECCD704-E11F-4B92-8409-C6410FC648A5}.Debug|Any CPU.Build.0 = Debug|Any CPU
		{7ECCD704-E11F-4B92-8409-C6410FC648A5}.Release|Any CPU.ActiveCfg = Release|Any CPU
		{7ECCD704-E11F-4B92-8409-C6410FC648A5}.Release|Any CPU.Build.0 = Release|Any CPU
	EndGlobalSection
	GlobalSection(SolutionProperties) = preSolution
		HideSolutionNode = FALSE
	EndGlobalSection
	GlobalSection(ExtensibilityGlobals) = postSolution
		SolutionGuid = {A3DF202C-C92C-4A9A-8104-1E90E7C86361}
	EndGlobalSection
EndGlobal
