
Microsoft Visual Studio Solution File, Format Version 12.00
# Visual Studio Version 16
VisualStudioVersion = 16.0.28803.452
MinimumVisualStudioVersion = 10.0.40219.1
Project("{FAE04EC0-301F-11D3-BF4B-00C04F79EFBC}") = "WebTesting", "WebTesting\WebTesting.csproj", "{3E10399F-D457-45EF-B146-8F38AA728A1F}"
EndProject
Global
	GlobalSection(SolutionConfigurationPlatforms) = preSolution
		Debug|Any CPU = Debug|Any CPU
		Release|Any CPU = Release|Any CPU
	EndGlobalSection
	GlobalSection(ProjectConfigurationPlatforms) = postSolution
		{3E10399F-D457-45EF-B146-8F38AA728A1F}.Debug|Any CPU.ActiveCfg = Debug|Any CPU
		{3E10399F-D457-45EF-B146-8F38AA728A1F}.Debug|Any CPU.Build.0 = Debug|Any CPU
		{3E10399F-D457-45EF-B146-8F38AA728A1F}.Release|Any CPU.ActiveCfg = Release|Any CPU
		{3E10399F-D457-45EF-B146-8F38AA728A1F}.Release|Any CPU.Build.0 = Release|Any CPU
	EndGlobalSection
	GlobalSection(SolutionProperties) = preSolution
		HideSolutionNode = FALSE
	EndGlobalSection
	GlobalSection(ExtensibilityGlobals) = postSolution
		SolutionGuid = {42E2AFCA-7921-4AB2-8EC1-24E955127878}
	EndGlobalSection
EndGlobal
